
Microsoft Visual Studio Solution File, Format Version 12.00
# Visual Studio Version 16
VisualStudioVersion = 16.0.28803.352
MinimumVisualStudioVersion = 10.0.40219.1
Project("{FAE04EC0-301F-11D3-BF4B-00C04F79EFBC}") = "Bossinfo.Caller.MqttLogParserTesting", "Bossinfo.Caller.MqttLogParserTesting.csproj", "{F95EABDC-1EE8-4BF1-9778-10B25019B2D0}"
EndProject
Global
	GlobalSection(SolutionConfigurationPlatforms) = preSolution
		Debug|Any CPU = Debug|Any CPU
		Release|Any CPU = Release|Any CPU
	EndGlobalSection
	GlobalSection(ProjectConfigurationPlatforms) = postSolution
		{F95EABDC-1EE8-4BF1-9778-10B25019B2D0}.Debug|Any CPU.ActiveCfg = Debug|Any CPU
		{F95EABDC-1EE8-4BF1-9778-10B25019B2D0}.Debug|Any CPU.Build.0 = Debug|Any CPU
		{F95EABDC-1EE8-4BF1-9778-10B25019B2D0}.Release|Any CPU.ActiveCfg = Release|Any CPU
		{F95EABDC-1EE8-4BF1-9778-10B25019B2D0}.Release|Any CPU.Build.0 = Release|Any CPU
	EndGlobalSection
	GlobalSection(SolutionProperties) = preSolution
		HideSolutionNode = FALSE
	EndGlobalSection
	GlobalSection(ExtensibilityGlobals) = postSolution
		SolutionGuid = {A2BFA8E4-1FAF-4CFC-9DFA-B0D300F200C7}
	EndGlobalSection
EndGlobal
